// !$*UTF8*$!
{
	archiveVersion = 1;
	classes = {
	};
	objectVersion = 46;
	objects = {

/* Begin PBXBuildFile section */
		813FCAFC1BB2EF4E00E038CA /* ResourceCenter.m in Sources */ = {isa = PBXBuildFile; fileRef = 813FCAFB1BB2EF4E00E038CA /* ResourceCenter.m */; };
		815BF9DF1BAF18B6009566B5 /* VisionViewController.m in Sources */ = {isa = PBXBuildFile; fileRef = 815BF9DE1BAF18B6009566B5 /* VisionViewController.m */; };
		8167DF1E1B6982520055D891 /* KissXML in Resources */ = {isa = PBXBuildFile; fileRef = 8167DF1D1B6982520055D891 /* KissXML */; };
		81D6FA021B6AC3310072693F /* xml in Resources */ = {isa = PBXBuildFile; fileRef = 81D6FA011B6AC3310072693F /* xml */; };
		81D6FA051B6ACCBD0072693F /* TTSItemStruct.m in Sources */ = {isa = PBXBuildFile; fileRef = 81D6FA041B6ACCBC0072693F /* TTSItemStruct.m */; };
		81DFD3F11B72A7470039EFA6 /* ItemTableViewController.m in Sources */ = {isa = PBXBuildFile; fileRef = 81DFD3F01B72A7470039EFA6 /* ItemTableViewController.m */; };
		81DFD3F41B72A76B0039EFA6 /* ItemTableViewCell.m in Sources */ = {isa = PBXBuildFile; fileRef = 81DFD3F31B72A76B0039EFA6 /* ItemTableViewCell.m */; };
		81DFD3F81B72B1380039EFA6 /* sym in Resources */ = {isa = PBXBuildFile; fileRef = 81DFD3F71B72B1380039EFA6 /* sym */; };
		81E49F141BC20398006E7DE8 /* MoreMenuTableViewController.m in Sources */ = {isa = PBXBuildFile; fileRef = 81E49F131BC20398006E7DE8 /* MoreMenuTableViewController.m */; };
		81E49F171BC2054A006E7DE8 /* MoreItemTableViewCell.m in Sources */ = {isa = PBXBuildFile; fileRef = 81E49F161BC2054A006E7DE8 /* MoreItemTableViewCell.m */; };
		A99AEAB41B597F7900BBBD08 /* main.m in Sources */ = {isa = PBXBuildFile; fileRef = A99AEAB31B597F7900BBBD08 /* main.m */; };
		A99AEAB71B597F7900BBBD08 /* AppDelegate.m in Sources */ = {isa = PBXBuildFile; fileRef = A99AEAB61B597F7900BBBD08 /* AppDelegate.m */; };
		A99AEABA1B597F7900BBBD08 /* ViewController.m in Sources */ = {isa = PBXBuildFile; fileRef = A99AEAB91B597F7900BBBD08 /* ViewController.m */; };
		A99AEABD1B597F7900BBBD08 /* Main.storyboard in Resources */ = {isa = PBXBuildFile; fileRef = A99AEABB1B597F7900BBBD08 /* Main.storyboard */; };
		A99AEABF1B597F7900BBBD08 /* Images.xcassets in Resources */ = {isa = PBXBuildFile; fileRef = A99AEABE1B597F7900BBBD08 /* Images.xcassets */; };
		A99AEACE1B597F7900BBBD08 /* ProjEric1Tests.m in Sources */ = {isa = PBXBuildFile; fileRef = A99AEACD1B597F7900BBBD08 /* ProjEric1Tests.m */; };
		A99AEAFB1B59954C00BBBD08 /* HearingViewController.m in Sources */ = {isa = PBXBuildFile; fileRef = A99AEAFA1B59954C00BBBD08 /* HearingViewController.m */; };
		A99AEAFE1B59956E00BBBD08 /* NonEnglishViewController.m in Sources */ = {isa = PBXBuildFile; fileRef = A99AEAFD1B59956E00BBBD08 /* NonEnglishViewController.m */; };
		AE00F7731BC8ADCB00D75048 /* projEric.sql in Resources */ = {isa = PBXBuildFile; fileRef = AE00F7721BC8ADCB00D75048 /* projEric.sql */; };
		AE099A3D1BC6F71D00C9B24A /* SettingViewController.m in Sources */ = {isa = PBXBuildFile; fileRef = AE099A3C1BC6F71D00C9B24A /* SettingViewController.m */; };
		AE099A3F1BC7536D00C9B24A /* libsqlite3.dylib in Frameworks */ = {isa = PBXBuildFile; fileRef = AE099A3E1BC7536D00C9B24A /* libsqlite3.dylib */; };
		AE099A451BC753F500C9B24A /* DBManager.m in Sources */ = {isa = PBXBuildFile; fileRef = AE099A441BC753F500C9B24A /* DBManager.m */; };
		AE1952431BC77158009DD9F6 /* CognitiveTableViewController.m in Sources */ = {isa = PBXBuildFile; fileRef = AE1952421BC77158009DD9F6 /* CognitiveTableViewController.m */; };
		AE5C8A7F1B8023AF00D0FE5F /* XMLListParser.m in Sources */ = {isa = PBXBuildFile; fileRef = AE5C8A7E1B8023AF00D0FE5F /* XMLListParser.m */; };
		AE5C8A821B803C4F00D0FE5F /* CognitiveItemTableViewCell.m in Sources */ = {isa = PBXBuildFile; fileRef = AE5C8A811B803C4F00D0FE5F /* CognitiveItemTableViewCell.m */; };
/* End PBXBuildFile section */

/* Begin PBXContainerItemProxy section */
		A99AEAC81B597F7900BBBD08 /* PBXContainerItemProxy */ = {
			isa = PBXContainerItemProxy;
			containerPortal = A99AEAA61B597F7900BBBD08 /* Project object */;
			proxyType = 1;
			remoteGlobalIDString = A99AEAAD1B597F7900BBBD08;
			remoteInfo = ProjEric1;
		};
/* End PBXContainerItemProxy section */

/* Begin PBXFileReference section */
		813FCAFA1BB2EF4E00E038CA /* ResourceCenter.h */ = {isa = PBXFileReference; fileEncoding = 4; lastKnownFileType = sourcecode.c.h; path = ResourceCenter.h; sourceTree = "<group>"; };
		813FCAFB1BB2EF4E00E038CA /* ResourceCenter.m */ = {isa = PBXFileReference; fileEncoding = 4; lastKnownFileType = sourcecode.c.objc; path = ResourceCenter.m; sourceTree = "<group>"; };
		815BF9DD1BAF18B6009566B5 /* VisionViewController.h */ = {isa = PBXFileReference; fileEncoding = 4; lastKnownFileType = sourcecode.c.h; path = VisionViewController.h; sourceTree = "<group>"; };
		815BF9DE1BAF18B6009566B5 /* VisionViewController.m */ = {isa = PBXFileReference; fileEncoding = 4; lastKnownFileType = sourcecode.c.objc; path = VisionViewController.m; sourceTree = "<group>"; };
		8167DF1D1B6982520055D891 /* KissXML */ = {isa = PBXFileReference; lastKnownFileType = folder; path = KissXML; sourceTree = "<group>"; };
		81D6FA011B6AC3310072693F /* xml */ = {isa = PBXFileReference; lastKnownFileType = folder; name = xml; path = ProjEric1/xml; sourceTree = "<group>"; };
		81D6FA031B6ACCBC0072693F /* TTSItemStruct.h */ = {isa = PBXFileReference; fileEncoding = 4; lastKnownFileType = sourcecode.c.h; path = TTSItemStruct.h; sourceTree = "<group>"; };
		81D6FA041B6ACCBC0072693F /* TTSItemStruct.m */ = {isa = PBXFileReference; fileEncoding = 4; lastKnownFileType = sourcecode.c.objc; path = TTSItemStruct.m; sourceTree = "<group>"; };
		81DFD3EF1B72A7470039EFA6 /* ItemTableViewController.h */ = {isa = PBXFileReference; fileEncoding = 4; lastKnownFileType = sourcecode.c.h; path = ItemTableViewController.h; sourceTree = "<group>"; };
		81DFD3F01B72A7470039EFA6 /* ItemTableViewController.m */ = {isa = PBXFileReference; fileEncoding = 4; lastKnownFileType = sourcecode.c.objc; path = ItemTableViewController.m; sourceTree = "<group>"; };
		81DFD3F21B72A76B0039EFA6 /* ItemTableViewCell.h */ = {isa = PBXFileReference; fileEncoding = 4; lastKnownFileType = sourcecode.c.h; path = ItemTableViewCell.h; sourceTree = "<group>"; };
		81DFD3F31B72A76B0039EFA6 /* ItemTableViewCell.m */ = {isa = PBXFileReference; fileEncoding = 4; lastKnownFileType = sourcecode.c.objc; path = ItemTableViewCell.m; sourceTree = "<group>"; };
		81DFD3F71B72B1380039EFA6 /* sym */ = {isa = PBXFileReference; lastKnownFileType = folder; path = sym; sourceTree = "<group>"; };
		81E49F121BC20398006E7DE8 /* MoreMenuTableViewController.h */ = {isa = PBXFileReference; fileEncoding = 4; lastKnownFileType = sourcecode.c.h; path = MoreMenuTableViewController.h; sourceTree = "<group>"; };
		81E49F131BC20398006E7DE8 /* MoreMenuTableViewController.m */ = {isa = PBXFileReference; fileEncoding = 4; lastKnownFileType = sourcecode.c.objc; path = MoreMenuTableViewController.m; sourceTree = "<group>"; };
		81E49F151BC2054A006E7DE8 /* MoreItemTableViewCell.h */ = {isa = PBXFileReference; fileEncoding = 4; lastKnownFileType = sourcecode.c.h; path = MoreItemTableViewCell.h; sourceTree = "<group>"; };
		81E49F161BC2054A006E7DE8 /* MoreItemTableViewCell.m */ = {isa = PBXFileReference; fileEncoding = 4; lastKnownFileType = sourcecode.c.objc; path = MoreItemTableViewCell.m; sourceTree = "<group>"; };
		A99AEAAE1B597F7900BBBD08 /* ProjEric1.app */ = {isa = PBXFileReference; explicitFileType = wrapper.application; includeInIndex = 0; path = ProjEric1.app; sourceTree = BUILT_PRODUCTS_DIR; };
		A99AEAB21B597F7900BBBD08 /* Info.plist */ = {isa = PBXFileReference; lastKnownFileType = text.plist.xml; path = Info.plist; sourceTree = "<group>"; };
		A99AEAB31B597F7900BBBD08 /* main.m */ = {isa = PBXFileReference; lastKnownFileType = sourcecode.c.objc; path = main.m; sourceTree = "<group>"; };
		A99AEAB51B597F7900BBBD08 /* AppDelegate.h */ = {isa = PBXFileReference; lastKnownFileType = sourcecode.c.h; path = AppDelegate.h; sourceTree = "<group>"; };
		A99AEAB61B597F7900BBBD08 /* AppDelegate.m */ = {isa = PBXFileReference; lastKnownFileType = sourcecode.c.objc; path = AppDelegate.m; sourceTree = "<group>"; };
		A99AEAB81B597F7900BBBD08 /* ViewController.h */ = {isa = PBXFileReference; lastKnownFileType = sourcecode.c.h; path = ViewController.h; sourceTree = "<group>"; };
		A99AEAB91B597F7900BBBD08 /* ViewController.m */ = {isa = PBXFileReference; lastKnownFileType = sourcecode.c.objc; path = ViewController.m; sourceTree = "<group>"; };
		A99AEABC1B597F7900BBBD08 /* Base */ = {isa = PBXFileReference; lastKnownFileType = file.storyboard; name = Base; path = Base.lproj/Main.storyboard; sourceTree = "<group>"; };
		A99AEABE1B597F7900BBBD08 /* Images.xcassets */ = {isa = PBXFileReference; lastKnownFileType = folder.assetcatalog; path = Images.xcassets; sourceTree = "<group>"; };
		A99AEAC71B597F7900BBBD08 /* ProjEric1Tests.xctest */ = {isa = PBXFileReference; explicitFileType = wrapper.cfbundle; includeInIndex = 0; path = ProjEric1Tests.xctest; sourceTree = BUILT_PRODUCTS_DIR; };
		A99AEACC1B597F7900BBBD08 /* Info.plist */ = {isa = PBXFileReference; lastKnownFileType = text.plist.xml; path = Info.plist; sourceTree = "<group>"; };
		A99AEACD1B597F7900BBBD08 /* ProjEric1Tests.m */ = {isa = PBXFileReference; lastKnownFileType = sourcecode.c.objc; path = ProjEric1Tests.m; sourceTree = "<group>"; };
		A99AEAF91B59954C00BBBD08 /* HearingViewController.h */ = {isa = PBXFileReference; fileEncoding = 4; lastKnownFileType = sourcecode.c.h; path = HearingViewController.h; sourceTree = "<group>"; };
		A99AEAFA1B59954C00BBBD08 /* HearingViewController.m */ = {isa = PBXFileReference; fileEncoding = 4; lastKnownFileType = sourcecode.c.objc; path = HearingViewController.m; sourceTree = "<group>"; };
		A99AEAFC1B59956E00BBBD08 /* NonEnglishViewController.h */ = {isa = PBXFileReference; fileEncoding = 4; lastKnownFileType = sourcecode.c.h; path = NonEnglishViewController.h; sourceTree = "<group>"; };
		A99AEAFD1B59956E00BBBD08 /* NonEnglishViewController.m */ = {isa = PBXFileReference; fileEncoding = 4; lastKnownFileType = sourcecode.c.objc; path = NonEnglishViewController.m; sourceTree = "<group>"; };
		AE00F7721BC8ADCB00D75048 /* projEric.sql */ = {isa = PBXFileReference; lastKnownFileType = file; name = projEric.sql; path = ProjEric1/projEric.sql; sourceTree = "<group>"; };
		AE099A3B1BC6F71D00C9B24A /* SettingViewController.h */ = {isa = PBXFileReference; fileEncoding = 4; lastKnownFileType = sourcecode.c.h; path = SettingViewController.h; sourceTree = "<group>"; };
		AE099A3C1BC6F71D00C9B24A /* SettingViewController.m */ = {isa = PBXFileReference; fileEncoding = 4; lastKnownFileType = sourcecode.c.objc; path = SettingViewController.m; sourceTree = "<group>"; };
		AE099A3E1BC7536D00C9B24A /* libsqlite3.dylib */ = {isa = PBXFileReference; lastKnownFileType = "compiled.mach-o.dylib"; name = libsqlite3.dylib; path = usr/lib/libsqlite3.dylib; sourceTree = SDKROOT; };
		AE099A431BC753F500C9B24A /* DBManager.h */ = {isa = PBXFileReference; fileEncoding = 4; lastKnownFileType = sourcecode.c.h; path = DBManager.h; sourceTree = "<group>"; };
		AE099A441BC753F500C9B24A /* DBManager.m */ = {isa = PBXFileReference; fileEncoding = 4; lastKnownFileType = sourcecode.c.objc; path = DBManager.m; sourceTree = "<group>"; };
		AE1952411BC77158009DD9F6 /* CognitiveTableViewController.h */ = {isa = PBXFileReference; fileEncoding = 4; lastKnownFileType = sourcecode.c.h; path = CognitiveTableViewController.h; sourceTree = "<group>"; };
		AE1952421BC77158009DD9F6 /* CognitiveTableViewController.m */ = {isa = PBXFileReference; fileEncoding = 4; lastKnownFileType = sourcecode.c.objc; path = CognitiveTableViewController.m; sourceTree = "<group>"; };
		AE5C8A7D1B8023AF00D0FE5F /* XMLListParser.h */ = {isa = PBXFileReference; fileEncoding = 4; lastKnownFileType = sourcecode.c.h; path = XMLListParser.h; sourceTree = "<group>"; };
		AE5C8A7E1B8023AF00D0FE5F /* XMLListParser.m */ = {isa = PBXFileReference; fileEncoding = 4; lastKnownFileType = sourcecode.c.objc; path = XMLListParser.m; sourceTree = "<group>"; };
		AE5C8A801B803C4F00D0FE5F /* CognitiveItemTableViewCell.h */ = {isa = PBXFileReference; fileEncoding = 4; lastKnownFileType = sourcecode.c.h; path = CognitiveItemTableViewCell.h; sourceTree = "<group>"; };
		AE5C8A811B803C4F00D0FE5F /* CognitiveItemTableViewCell.m */ = {isa = PBXFileReference; fileEncoding = 4; lastKnownFileType = sourcecode.c.objc; path = CognitiveItemTableViewCell.m; sourceTree = "<group>"; };
/* End PBXFileReference section */

/* Begin PBXFrameworksBuildPhase section */
		A99AEAAB1B597F7900BBBD08 /* Frameworks */ = {
			isa = PBXFrameworksBuildPhase;
			buildActionMask = 2147483647;
			files = (
				AE099A3F1BC7536D00C9B24A /* libsqlite3.dylib in Frameworks */,
			);
			runOnlyForDeploymentPostprocessing = 0;
		};
		A99AEAC41B597F7900BBBD08 /* Frameworks */ = {
			isa = PBXFrameworksBuildPhase;
			buildActionMask = 2147483647;
			files = (
			);
			runOnlyForDeploymentPostprocessing = 0;
		};
/* End PBXFrameworksBuildPhase section */

/* Begin PBXGroup section */
		A99AEAA51B597F7900BBBD08 = {
			isa = PBXGroup;
			children = (
				AE00F7721BC8ADCB00D75048 /* projEric.sql */,
				AE099A3E1BC7536D00C9B24A /* libsqlite3.dylib */,
				81D6FA011B6AC3310072693F /* xml */,
				A99AEAB01B597F7900BBBD08 /* ProjEric1 */,
				A99AEACA1B597F7900BBBD08 /* ProjEric1Tests */,
				A99AEAAF1B597F7900BBBD08 /* Products */,
			);
			sourceTree = "<group>";
		};
		A99AEAAF1B597F7900BBBD08 /* Products */ = {
			isa = PBXGroup;
			children = (
				A99AEAAE1B597F7900BBBD08 /* ProjEric1.app */,
				A99AEAC71B597F7900BBBD08 /* ProjEric1Tests.xctest */,
			);
			name = Products;
			sourceTree = "<group>";
		};
		A99AEAB01B597F7900BBBD08 /* ProjEric1 */ = {
			isa = PBXGroup;
			children = (
				81DFD3F71B72B1380039EFA6 /* sym */,
				8167DF1D1B6982520055D891 /* KissXML */,
				A99AEAB51B597F7900BBBD08 /* AppDelegate.h */,
				A99AEAB61B597F7900BBBD08 /* AppDelegate.m */,
				AE5C8A7D1B8023AF00D0FE5F /* XMLListParser.h */,
				AE5C8A7E1B8023AF00D0FE5F /* XMLListParser.m */,
				81D6FA031B6ACCBC0072693F /* TTSItemStruct.h */,
				81D6FA041B6ACCBC0072693F /* TTSItemStruct.m */,
				A99AEAB81B597F7900BBBD08 /* ViewController.h */,
				A99AEAB91B597F7900BBBD08 /* ViewController.m */,
				A99AEABB1B597F7900BBBD08 /* Main.storyboard */,
				AE099A3B1BC6F71D00C9B24A /* SettingViewController.h */,
				AE099A3C1BC6F71D00C9B24A /* SettingViewController.m */,
				815BF9DD1BAF18B6009566B5 /* VisionViewController.h */,
				815BF9DE1BAF18B6009566B5 /* VisionViewController.m */,
				A99AEAF91B59954C00BBBD08 /* HearingViewController.h */,
				A99AEAFA1B59954C00BBBD08 /* HearingViewController.m */,
				A99AEAFC1B59956E00BBBD08 /* NonEnglishViewController.h */,
				A99AEAFD1B59956E00BBBD08 /* NonEnglishViewController.m */,
				AE1952411BC77158009DD9F6 /* CognitiveTableViewController.h */,
				AE1952421BC77158009DD9F6 /* CognitiveTableViewController.m */,
				AE5C8A801B803C4F00D0FE5F /* CognitiveItemTableViewCell.h */,
				AE5C8A811B803C4F00D0FE5F /* CognitiveItemTableViewCell.m */,
				81E49F151BC2054A006E7DE8 /* MoreItemTableViewCell.h */,
				81E49F161BC2054A006E7DE8 /* MoreItemTableViewCell.m */,
				81E49F121BC20398006E7DE8 /* MoreMenuTableViewController.h */,
				81E49F131BC20398006E7DE8 /* MoreMenuTableViewController.m */,
				81DFD3EF1B72A7470039EFA6 /* ItemTableViewController.h */,
				81DFD3F01B72A7470039EFA6 /* ItemTableViewController.m */,
				81DFD3F21B72A76B0039EFA6 /* ItemTableViewCell.h */,
				81DFD3F31B72A76B0039EFA6 /* ItemTableViewCell.m */,
				813FCAFA1BB2EF4E00E038CA /* ResourceCenter.h */,
				813FCAFB1BB2EF4E00E038CA /* ResourceCenter.m */,
				AE099A431BC753F500C9B24A /* DBManager.h */,
				AE099A441BC753F500C9B24A /* DBManager.m */,
				A99AEABE1B597F7900BBBD08 /* Images.xcassets */,
				A99AEAB11B597F7900BBBD08 /* Supporting Files */,
			);
			path = ProjEric1;
			sourceTree = "<group>";
		};
		A99AEAB11B597F7900BBBD08 /* Supporting Files */ = {
			isa = PBXGroup;
			children = (
				A99AEAB21B597F7900BBBD08 /* Info.plist */,
				A99AEAB31B597F7900BBBD08 /* main.m */,
			);
			name = "Supporting Files";
			sourceTree = "<group>";
		};
		A99AEACA1B597F7900BBBD08 /* ProjEric1Tests */ = {
			isa = PBXGroup;
			children = (
				A99AEACD1B597F7900BBBD08 /* ProjEric1Tests.m */,
				A99AEACB1B597F7900BBBD08 /* Supporting Files */,
			);
			path = ProjEric1Tests;
			sourceTree = "<group>";
		};
		A99AEACB1B597F7900BBBD08 /* Supporting Files */ = {
			isa = PBXGroup;
			children = (
				A99AEACC1B597F7900BBBD08 /* Info.plist */,
			);
			name = "Supporting Files";
			sourceTree = "<group>";
		};
/* End PBXGroup section */

/* Begin PBXNativeTarget section */
		A99AEAAD1B597F7900BBBD08 /* ProjEric1 */ = {
			isa = PBXNativeTarget;
			buildConfigurationList = A99AEAD11B597F7900BBBD08 /* Build configuration list for PBXNativeTarget "ProjEric1" */;
			buildPhases = (
				A99AEAAA1B597F7900BBBD08 /* Sources */,
				A99AEAAB1B597F7900BBBD08 /* Frameworks */,
				A99AEAAC1B597F7900BBBD08 /* Resources */,
			);
			buildRules = (
			);
			dependencies = (
			);
			name = ProjEric1;
			productName = ProjEric1;
			productReference = A99AEAAE1B597F7900BBBD08 /* ProjEric1.app */;
			productType = "com.apple.product-type.application";
		};
		A99AEAC61B597F7900BBBD08 /* ProjEric1Tests */ = {
			isa = PBXNativeTarget;
			buildConfigurationList = A99AEAD41B597F7900BBBD08 /* Build configuration list for PBXNativeTarget "ProjEric1Tests" */;
			buildPhases = (
				A99AEAC31B597F7900BBBD08 /* Sources */,
				A99AEAC41B597F7900BBBD08 /* Frameworks */,
				A99AEAC51B597F7900BBBD08 /* Resources */,
			);
			buildRules = (
			);
			dependencies = (
				A99AEAC91B597F7900BBBD08 /* PBXTargetDependency */,
			);
			name = ProjEric1Tests;
			productName = ProjEric1Tests;
			productReference = A99AEAC71B597F7900BBBD08 /* ProjEric1Tests.xctest */;
			productType = "com.apple.product-type.bundle.unit-test";
		};
/* End PBXNativeTarget section */

/* Begin PBXProject section */
		A99AEAA61B597F7900BBBD08 /* Project object */ = {
			isa = PBXProject;
			attributes = {
				LastUpgradeCheck = 0640;
				ORGANIZATIONNAME = Bill;
				TargetAttributes = {
					A99AEAAD1B597F7900BBBD08 = {
						CreatedOnToolsVersion = 6.4;
						DevelopmentTeam = ZGGV6E3YS4;
					};
					A99AEAC61B597F7900BBBD08 = {
						CreatedOnToolsVersion = 6.4;
						TestTargetID = A99AEAAD1B597F7900BBBD08;
					};
				};
			};
			buildConfigurationList = A99AEAA91B597F7900BBBD08 /* Build configuration list for PBXProject "ProjEric1" */;
			compatibilityVersion = "Xcode 3.2";
			developmentRegion = English;
			hasScannedForEncodings = 0;
			knownRegions = (
				en,
				Base,
			);
			mainGroup = A99AEAA51B597F7900BBBD08;
			productRefGroup = A99AEAAF1B597F7900BBBD08 /* Products */;
			projectDirPath = "";
			projectRoot = "";
			targets = (
				A99AEAAD1B597F7900BBBD08 /* ProjEric1 */,
				A99AEAC61B597F7900BBBD08 /* ProjEric1Tests */,
			);
		};
/* End PBXProject section */

/* Begin PBXResourcesBuildPhase section */
		A99AEAAC1B597F7900BBBD08 /* Resources */ = {
			isa = PBXResourcesBuildPhase;
			buildActionMask = 2147483647;
			files = (
				AE00F7731BC8ADCB00D75048 /* projEric.sql in Resources */,
				81DFD3F81B72B1380039EFA6 /* sym in Resources */,
				81D6FA021B6AC3310072693F /* xml in Resources */,
				8167DF1E1B6982520055D891 /* KissXML in Resources */,
				A99AEABD1B597F7900BBBD08 /* Main.storyboard in Resources */,
				A99AEABF1B597F7900BBBD08 /* Images.xcassets in Resources */,
			);
			runOnlyForDeploymentPostprocessing = 0;
		};
		A99AEAC51B597F7900BBBD08 /* Resources */ = {
			isa = PBXResourcesBuildPhase;
			buildActionMask = 2147483647;
			files = (
			);
			runOnlyForDeploymentPostprocessing = 0;
		};
/* End PBXResourcesBuildPhase section */

/* Begin PBXSourcesBuildPhase section */
		A99AEAAA1B597F7900BBBD08 /* Sources */ = {
			isa = PBXSourcesBuildPhase;
			buildActionMask = 2147483647;
			files = (
				81E49F141BC20398006E7DE8 /* MoreMenuTableViewController.m in Sources */,
				81DFD3F41B72A76B0039EFA6 /* ItemTableViewCell.m in Sources */,
				A99AEABA1B597F7900BBBD08 /* ViewController.m in Sources */,
				AE099A451BC753F500C9B24A /* DBManager.m in Sources */,
				81DFD3F11B72A7470039EFA6 /* ItemTableViewController.m in Sources */,
				815BF9DF1BAF18B6009566B5 /* VisionViewController.m in Sources */,
				A99AEAB71B597F7900BBBD08 /* AppDelegate.m in Sources */,
				A99AEAB41B597F7900BBBD08 /* main.m in Sources */,
				A99AEAFB1B59954C00BBBD08 /* HearingViewController.m in Sources */,
				81E49F171BC2054A006E7DE8 /* MoreItemTableViewCell.m in Sources */,
				AE1952431BC77158009DD9F6 /* CognitiveTableViewController.m in Sources */,
				AE5C8A821B803C4F00D0FE5F /* CognitiveItemTableViewCell.m in Sources */,
				813FCAFC1BB2EF4E00E038CA /* ResourceCenter.m in Sources */,
				81D6FA051B6ACCBD0072693F /* TTSItemStruct.m in Sources */,
				AE5C8A7F1B8023AF00D0FE5F /* XMLListParser.m in Sources */,
				A99AEAFE1B59956E00BBBD08 /* NonEnglishViewController.m in Sources */,
				AE099A3D1BC6F71D00C9B24A /* SettingViewController.m in Sources */,
			);
			runOnlyForDeploymentPostprocessing = 0;
		};
		A99AEAC31B597F7900BBBD08 /* Sources */ = {
			isa = PBXSourcesBuildPhase;
			buildActionMask = 2147483647;
			files = (
				A99AEACE1B597F7900BBBD08 /* ProjEric1Tests.m in Sources */,
			);
			runOnlyForDeploymentPostprocessing = 0;
		};
/* End PBXSourcesBuildPhase section */

/* Begin PBXTargetDependency section */
		A99AEAC91B597F7900BBBD08 /* PBXTargetDependency */ = {
			isa = PBXTargetDependency;
			target = A99AEAAD1B597F7900BBBD08 /* ProjEric1 */;
			targetProxy = A99AEAC81B597F7900BBBD08 /* PBXContainerItemProxy */;
		};
/* End PBXTargetDependency section */

/* Begin PBXVariantGroup section */
		A99AEABB1B597F7900BBBD08 /* Main.storyboard */ = {
			isa = PBXVariantGroup;
			children = (
				A99AEABC1B597F7900BBBD08 /* Base */,
			);
			name = Main.storyboard;
			sourceTree = "<group>";
		};
/* End PBXVariantGroup section */

/* Begin XCBuildConfiguration section */
		A99AEACF1B597F7900BBBD08 /* Debug */ = {
			isa = XCBuildConfiguration;
			buildSettings = {
				ALWAYS_SEARCH_USER_PATHS = NO;
				CLANG_CXX_LANGUAGE_STANDARD = "gnu++0x";
				CLANG_CXX_LIBRARY = "libc++";
				CLANG_ENABLE_MODULES = YES;
				CLANG_ENABLE_OBJC_ARC = YES;
				CLANG_WARN_BOOL_CONVERSION = YES;
				CLANG_WARN_CONSTANT_CONVERSION = YES;
				CLANG_WARN_DIRECT_OBJC_ISA_USAGE = YES_ERROR;
				CLANG_WARN_EMPTY_BODY = YES;
				CLANG_WARN_ENUM_CONVERSION = YES;
				CLANG_WARN_INT_CONVERSION = YES;
				CLANG_WARN_OBJC_ROOT_CLASS = YES_ERROR;
				CLANG_WARN_UNREACHABLE_CODE = YES;
				CLANG_WARN__DUPLICATE_METHOD_MATCH = YES;
				"CODE_SIGN_IDENTITY[sdk=iphoneos*]" = "iPhone Developer";
				COPY_PHASE_STRIP = NO;
				DEBUG_INFORMATION_FORMAT = "dwarf-with-dsym";
				ENABLE_STRICT_OBJC_MSGSEND = YES;
				GCC_C_LANGUAGE_STANDARD = gnu99;
				GCC_DYNAMIC_NO_PIC = NO;
				GCC_NO_COMMON_BLOCKS = YES;
				GCC_OPTIMIZATION_LEVEL = 0;
				GCC_PREPROCESSOR_DEFINITIONS = (
					"DEBUG=1",
					"$(inherited)",
				);
				GCC_SYMBOLS_PRIVATE_EXTERN = NO;
				GCC_WARN_64_TO_32_BIT_CONVERSION = YES;
				GCC_WARN_ABOUT_RETURN_TYPE = YES_ERROR;
				GCC_WARN_UNDECLARED_SELECTOR = YES;
				GCC_WARN_UNINITIALIZED_AUTOS = YES_AGGRESSIVE;
				GCC_WARN_UNUSED_FUNCTION = YES;
				GCC_WARN_UNUSED_VARIABLE = YES;
				HEADER_SEARCH_PATHS = (
					"$(inherited)",
					/Applications/Xcode.app/Contents/Developer/Toolchains/XcodeDefault.xctoolchain/usr/include,
					/usr/include/libxml2/,
				);
				IPHONEOS_DEPLOYMENT_TARGET = 8.4;
				MTL_ENABLE_DEBUG_INFO = YES;
				ONLY_ACTIVE_ARCH = YES;
				OTHER_LDFLAGS = "-lxml2";
				SDKROOT = iphoneos;
			};
			name = Debug;
		};
		A99AEAD01B597F7900BBBD08 /* Release */ = {
			isa = XCBuildConfiguration;
			buildSettings = {
				ALWAYS_SEARCH_USER_PATHS = NO;
				CLANG_CXX_LANGUAGE_STANDARD = "gnu++0x";
				CLANG_CXX_LIBRARY = "libc++";
				CLANG_ENABLE_MODULES = YES;
				CLANG_ENABLE_OBJC_ARC = YES;
				CLANG_WARN_BOOL_CONVERSION = YES;
				CLANG_WARN_CONSTANT_CONVERSION = YES;
				CLANG_WARN_DIRECT_OBJC_ISA_USAGE = YES_ERROR;
				CLANG_WARN_EMPTY_BODY = YES;
				CLANG_WARN_ENUM_CONVERSION = YES;
				CLANG_WARN_INT_CONVERSION = YES;
				CLANG_WARN_OBJC_ROOT_CLASS = YES_ERROR;
				CLANG_WARN_UNREACHABLE_CODE = YES;
				CLANG_WARN__DUPLICATE_METHOD_MATCH = YES;
				"CODE_SIGN_IDENTITY[sdk=iphoneos*]" = "iPhone Developer";
				COPY_PHASE_STRIP = NO;
				DEBUG_INFORMATION_FORMAT = "dwarf-with-dsym";
				ENABLE_NS_ASSERTIONS = NO;
				ENABLE_STRICT_OBJC_MSGSEND = YES;
				GCC_C_LANGUAGE_STANDARD = gnu99;
				GCC_NO_COMMON_BLOCKS = YES;
				GCC_WARN_64_TO_32_BIT_CONVERSION = YES;
				GCC_WARN_ABOUT_RETURN_TYPE = YES_ERROR;
				GCC_WARN_UNDECLARED_SELECTOR = YES;
				GCC_WARN_UNINITIALIZED_AUTOS = YES_AGGRESSIVE;
				GCC_WARN_UNUSED_FUNCTION = YES;
				GCC_WARN_UNUSED_VARIABLE = YES;
				HEADER_SEARCH_PATHS = (
					"$(inherited)",
					/Applications/Xcode.app/Contents/Developer/Toolchains/XcodeDefault.xctoolchain/usr/include,
					/usr/include/libxml2/,
				);
				IPHONEOS_DEPLOYMENT_TARGET = 8.4;
				MTL_ENABLE_DEBUG_INFO = NO;
				OTHER_LDFLAGS = "-lxml2";
				SDKROOT = iphoneos;
				VALIDATE_PRODUCT = YES;
			};
			name = Release;
		};
		A99AEAD21B597F7900BBBD08 /* Debug */ = {
			isa = XCBuildConfiguration;
			buildSettings = {
				ASSETCATALOG_COMPILER_APPICON_NAME = AppIcon;
				ASSETCATALOG_COMPILER_LAUNCHIMAGE_NAME = LaunchImage;
				CODE_SIGN_IDENTITY = "iPhone Developer";
				"CODE_SIGN_IDENTITY[sdk=iphoneos*]" = "iPhone Developer";
				INFOPLIST_FILE = ProjEric1/Info.plist;
				IPHONEOS_DEPLOYMENT_TARGET = 7.0;
				LD_RUNPATH_SEARCH_PATHS = "$(inherited) @executable_path/Frameworks";
				PRODUCT_NAME = "$(TARGET_NAME)";
				PROVISIONING_PROFILE = "";
				SDKROOT = iphoneos8.4;
				TARGETED_DEVICE_FAMILY = "1,2";
			};
			name = Debug;
		};
		A99AEAD31B597F7900BBBD08 /* Release */ = {
			isa = XCBuildConfiguration;
			buildSettings = {
				ASSETCATALOG_COMPILER_APPICON_NAME = AppIcon;
				ASSETCATALOG_COMPILER_LAUNCHIMAGE_NAME = LaunchImage;
				CODE_SIGN_IDENTITY = "iPhone Developer";
				"CODE_SIGN_IDENTITY[sdk=iphoneos*]" = "iPhone Developer";
				INFOPLIST_FILE = ProjEric1/Info.plist;
				IPHONEOS_DEPLOYMENT_TARGET = 7.0;
				LD_RUNPATH_SEARCH_PATHS = "$(inherited) @executable_path/Frameworks";
				PRODUCT_NAME = "$(TARGET_NAME)";
				PROVISIONING_PROFILE = "";
				SDKROOT = iphoneos8.4;
				TARGETED_DEVICE_FAMILY = "1,2";
			};
			name = Release;
		};
		A99AEAD51B597F7900BBBD08 /* Debug */ = {
			isa = XCBuildConfiguration;
			buildSettings = {
				BUNDLE_LOADER = "$(TEST_HOST)";
				FRAMEWORK_SEARCH_PATHS = (
					"$(SDKROOT)/Developer/Library/Frameworks",
					"$(inherited)",
				);
				GCC_PREPROCESSOR_DEFINITIONS = (
					"DEBUG=1",
					"$(inherited)",
				);
				INFOPLIST_FILE = ProjEric1Tests/Info.plist;
				LD_RUNPATH_SEARCH_PATHS = "$(inherited) @executable_path/Frameworks @loader_path/Frameworks";
				PRODUCT_NAME = "$(TARGET_NAME)";
				TEST_HOST = "$(BUILT_PRODUCTS_DIR)/ProjEric1.app/ProjEric1";
			};
			name = Debug;
		};
		A99AEAD61B597F7900BBBD08 /* Release */ = {
			isa = XCBuildConfiguration;
			buildSettings = {
				BUNDLE_LOADER = "$(TEST_HOST)";
				FRAMEWORK_SEARCH_PATHS = (
					"$(SDKROOT)/Developer/Library/Frameworks",
					"$(inherited)",
				);
				INFOPLIST_FILE = ProjEric1Tests/Info.plist;
				LD_RUNPATH_SEARCH_PATHS = "$(inherited) @executable_path/Frameworks @loader_path/Frameworks";
				PRODUCT_NAME = "$(TARGET_NAME)";
				TEST_HOST = "$(BUILT_PRODUCTS_DIR)/ProjEric1.app/ProjEric1";
			};
			name = Release;
		};
/* End XCBuildConfiguration section */

/* Begin XCConfigurationList section */
		A99AEAA91B597F7900BBBD08 /* Build configuration list for PBXProject "ProjEric1" */ = {
			isa = XCConfigurationList;
			buildConfigurations = (
				A99AEACF1B597F7900BBBD08 /* Debug */,
				A99AEAD01B597F7900BBBD08 /* Release */,
			);
			defaultConfigurationIsVisible = 0;
			defaultConfigurationName = Release;
		};
		A99AEAD11B597F7900BBBD08 /* Build configuration list for PBXNativeTarget "ProjEric1" */ = {
			isa = XCConfigurationList;
			buildConfigurations = (
				A99AEAD21B597F7900BBBD08 /* Debug */,
				A99AEAD31B597F7900BBBD08 /* Release */,
			);
			defaultConfigurationIsVisible = 0;
			defaultConfigurationName = Release;
		};
		A99AEAD41B597F7900BBBD08 /* Build configuration list for PBXNativeTarget "ProjEric1Tests" */ = {
			isa = XCConfigurationList;
			buildConfigurations = (
				A99AEAD51B597F7900BBBD08 /* Debug */,
				A99AEAD61B597F7900BBBD08 /* Release */,
			);
			defaultConfigurationIsVisible = 0;
			defaultConfigurationName = Release;
		};
/* End XCConfigurationList section */
	};
	rootObject = A99AEAA61B597F7900BBBD08 /* Project object */;
}
